<?xml version="1.0" encoding="utf-8"?>
<Project ToolsVersion="4.0" xmlns="http://schemas.microsoft.com/developer/msbuild/2003">
  <ItemGroup>
    <Filter Include="ソース ファイル">
      <UniqueIdentifier>{3042912e-6d53-488f-b89c-8a5d8c1357f3}</UniqueIdentifier>
    </Filter>
    <Filter Include="ヘッダー ファイル">
      <UniqueIdentifier>{41413630-9c5b-4455-9801-7535349bf6ae}</UniqueIdentifier>
    </Filter>
  </ItemGroup>
  <ItemGroup>
    <ClCompile Include="..\Palmtree.SevenZip.Compression.Wrapper.NET.Native\CompressCodecsInfo.cpp">
      <Filter>ソース ファイル</Filter>
    </ClCompile>
    <ClCompile Include="..\Palmtree.SevenZip.Compression.Wrapper.NET.Native\CompressProgressInfo.cpp">
      <Filter>ソース ファイル</Filter>
    </ClCompile>
    <ClCompile Include="..\Palmtree.SevenZip.Compression.Wrapper.NET.Native\SequentialInStream.cpp">
      <Filter>ソース ファイル</Filter>
    </ClCompile>
    <ClCompile Include="..\Palmtree.SevenZip.Compression.Wrapper.NET.Native\SequentialOutStream.cpp">
      <Filter>ソース ファイル</Filter>
    </ClCompile>
    <ClCompile Include="..\Palmtree.SevenZip.Compression.Wrapper.NET.Native\SevenZipEntryPoint.cpp">
      <Filter>ソース ファイル</Filter>
    </ClCompile>
    <ClCompile Include="..\Palmtree.SevenZip.Compression.Wrapper.NET.Native\SevenZipInterface.cpp">
      <Filter>ソース ファイル</Filter>
    </ClCompile>
    <ClCompile Include="..\Palmtree.SevenZip.Compression.Wrapper.NET.Native\SevenZipInterface_AutoGenerated.cpp">
      <Filter>ソース ファイル</Filter>
    </ClCompile>
    <ClCompile Include="..\Palmtree.SevenZip.Compression.Wrapper.NET.Native\Unknown.cpp">
      <Filter>ソース ファイル</Filter>
    </ClCompile>
    <ClCompile Include="..\Palmtree.SevenZip.Compression.Wrapper.NET.Native\IUnknown.cpp">
      <Filter>ソース ファイル</Filter>
    </ClCompile>
  </ItemGroup>
  <ItemGroup>
    <ClInclude Include="..\Palmtree.SevenZip.Compression.Wrapper.NET.Native\CompressCodecsInfo.h">
      <Filter>ヘッダー ファイル</Filter>
    </ClInclude>
    <ClInclude Include="..\Palmtree.SevenZip.Compression.Wrapper.NET.Native\CompressProgressInfo.h">
      <Filter>ヘッダー ファイル</Filter>
    </ClInclude>
    <ClInclude Include="..\Palmtree.SevenZip.Compression.Wrapper.NET.Native\Platform.h">
      <Filter>ヘッダー ファイル</Filter>
    </ClInclude>
    <ClInclude Include="..\Palmtree.SevenZip.Compression.Wrapper.NET.Native\SequentialInStream.h">
      <Filter>ヘッダー ファイル</Filter>
    </ClInclude>
    <ClInclude Include="..\Palmtree.SevenZip.Compression.Wrapper.NET.Native\SequentialOutStream.h">
      <Filter>ヘッダー ファイル</Filter>
    </ClInclude>
    <ClInclude Include="..\Palmtree.SevenZip.Compression.Wrapper.NET.Native\SevenZipEntryPoint.h">
      <Filter>ヘッダー ファイル</Filter>
    </ClInclude>
    <ClInclude Include="..\Palmtree.SevenZip.Compression.Wrapper.NET.Native\Unknown.h">
      <Filter>ヘッダー ファイル</Filter>
    </ClInclude>
    <ClInclude Include="..\Palmtree.SevenZip.Compression.Wrapper.NET.Native\SevenZipInterface.h">
      <Filter>ヘッダー ファイル</Filter>
    </ClInclude>
    <ClInclude Include="..\Palmtree.SevenZip.Compression.Wrapper.NET.Native\SevenZipInterface_AutoGenerated.h">
      <Filter>ヘッダー ファイル</Filter>
    </ClInclude>
    <ClInclude Include="..\Palmtree.SevenZip.Compression.Wrapper.NET.Native\_COM.h">
      <Filter>ヘッダー ファイル</Filter>
    </ClInclude>
    <ClInclude Include="..\Palmtree.SevenZip.Compression.Wrapper.NET.Native\_GUID.h">
      <Filter>ヘッダー ファイル</Filter>
    </ClInclude>
    <ClInclude Include="..\Palmtree.SevenZip.Compression.Wrapper.NET.Native\_types.h">
      <Filter>ヘッダー ファイル</Filter>
    </ClInclude>
  </ItemGroup>
  <ItemGroup>
    <Text Include=".AboutThisProject.txt" />
  </ItemGroup>
  <ItemGroup>
    <None Include="README.md" />
  </ItemGroup>
</Project>