
Microsoft Visual Studio Solution File, Format Version 12.00
# Visual Studio Version 17
VisualStudioVersion = 17.0.32014.148
MinimumVisualStudioVersion = 10.0.40219.1
Project("{9A19103F-16F7-4668-BE54-9A1E7A4F7556}") = "Experiment", "Experiment\Experiment.csproj", "{BDE13F71-D7F9-4DE9-BC6F-16D767901FB0}"
EndProject
Project("{9A19103F-16F7-4668-BE54-9A1E7A4F7556}") = "NativeInterfaceIdGenerator", "NativeInterfaceIdGenerator\NativeInterfaceIdGenerator.csproj", "{13F99167-6F05-411D-80C5-9F9CF9C3BF39}"
EndProject
Project("{9A19103F-16F7-4668-BE54-9A1E7A4F7556}") = "Palmtree.SevenZip.Compression.Wrapper.NET", "Palmtree.SevenZip.Compression.Wrapper.NET\Palmtree.SevenZip.Compression.Wrapper.NET.csproj", "{3626D20E-83B8-48FC-90B0-E93B5536604F}"
EndProject
Project("{8BC9CEB8-8B4A-11D0-8D11-00A0C91BC942}") = "Palmtree.SevenZip.Compression.Wrapper.NET.Native", "Palmtree.SevenZip.Compression.Wrapper.NET.Native\Palmtree.SevenZip.Compression.Wrapper.NET.Native.vcxproj", "{1E88CBF8-4948-41B7-BEFF-5D0B641DCE47}"
EndProject
Project("{8BC9CEB8-8B4A-11D0-8D11-00A0C91BC942}") = "Palmtree.SevenZip.Compression.Wrapper.NET.Native.win_x64", "Palmtree.SevenZip.Compression.Wrapper.NET.Native.win_x64\Palmtree.SevenZip.Compression.Wrapper.NET.Native.win_x64.vcxproj", "{5EB566E2-6BE8-4DA8-ACAA-032AD6F3E6F2}"
EndProject
Project("{8BC9CEB8-8B4A-11D0-8D11-00A0C91BC942}") = "Palmtree.SevenZip.Compression.Wrapper.NET.Native.linux_x64", "Palmtree.SevenZip.Compression.Wrapper.NET.Native.linux_x64\Palmtree.SevenZip.Compression.Wrapper.NET.Native.linux_x64.vcxproj", "{F1C424E3-F401-4377-9FA5-91116CA7C087}"
EndProject
Project("{8BC9CEB8-8B4A-11D0-8D11-00A0C91BC942}") = "Palmtree.SevenZip.Compression.Wrapper.NET.Native.linux_x86", "Palmtree.SevenZip.Compression.Wrapper.NET.Native.linux_x86\Palmtree.SevenZip.Compression.Wrapper.NET.Native.linux_x86.vcxproj", "{4E59E98F-4929-4AFB-A246-202A03C34B86}"
EndProject
Project("{8BC9CEB8-8B4A-11D0-8D11-00A0C91BC942}") = "Palmtree.SevenZip.Compression.Wrapper.NET.Native.win_x86", "Palmtree.SevenZip.Compression.Wrapper.NET.Native.win_x86\Palmtree.SevenZip.Compression.Wrapper.NET.Native.win_x86.vcxproj", "{BBF2EA63-A35C-4653-9210-87CBB5401691}"
EndProject
Project("{8BC9CEB8-8B4A-11D0-8D11-00A0C91BC942}") = "Experiment.Cpp", "Experiment.Cpp\Experiment.Cpp.vcxproj", "{9D451DF0-6961-4D2A-8CC0-B3B1F37C9B87}"
EndProject
Project("{9A19103F-16F7-4668-BE54-9A1E7A4F7556}") = "Test.Coders", "Test.Coders\Test.Coders.csproj", "{2087AC5B-5E16-4535-87A5-B35D7DA2C9B1}"
EndProject
Global
	GlobalSection(SolutionConfigurationPlatforms) = preSolution
		Debug|Any CPU = Debug|Any CPU
		Debug|x64 = Debug|x64
		Debug|x86 = Debug|x86
		Release|Any CPU = Release|Any CPU
		Release|x64 = Release|x64
		Release|x86 = Release|x86
	EndGlobalSection
	GlobalSection(ProjectConfigurationPlatforms) = postSolution
		{BDE13F71-D7F9-4DE9-BC6F-16D767901FB0}.Debug|Any CPU.ActiveCfg = Debug|Any CPU
		{BDE13F71-D7F9-4DE9-BC6F-16D767901FB0}.Debug|Any CPU.Build.0 = Debug|Any CPU
		{BDE13F71-D7F9-4DE9-BC6F-16D767901FB0}.Debug|x64.ActiveCfg = Debug|Any CPU
		{BDE13F71-D7F9-4DE9-BC6F-16D767901FB0}.Debug|x64.Build.0 = Debug|Any CPU
		{BDE13F71-D7F9-4DE9-BC6F-16D767901FB0}.Debug|x86.ActiveCfg = Debug|Any CPU
		{BDE13F71-D7F9-4DE9-BC6F-16D767901FB0}.Debug|x86.Build.0 = Debug|Any CPU
		{BDE13F71-D7F9-4DE9-BC6F-16D767901FB0}.Release|Any CPU.ActiveCfg = Release|Any CPU
		{BDE13F71-D7F9-4DE9-BC6F-16D767901FB0}.Release|Any CPU.Build.0 = Release|Any CPU
		{BDE13F71-D7F9-4DE9-BC6F-16D767901FB0}.Release|x64.ActiveCfg = Release|Any CPU
		{BDE13F71-D7F9-4DE9-BC6F-16D767901FB0}.Release|x64.Build.0 = Release|Any CPU
		{BDE13F71-D7F9-4DE9-BC6F-16D767901FB0}.Release|x86.ActiveCfg = Release|Any CPU
		{BDE13F71-D7F9-4DE9-BC6F-16D767901FB0}.Release|x86.Build.0 = Release|Any CPU
		{13F99167-6F05-411D-80C5-9F9CF9C3BF39}.Debug|Any CPU.ActiveCfg = Debug|Any CPU
		{13F99167-6F05-411D-80C5-9F9CF9C3BF39}.Debug|Any CPU.Build.0 = Debug|Any CPU
		{13F99167-6F05-411D-80C5-9F9CF9C3BF39}.Debug|x64.ActiveCfg = Debug|Any CPU
		{13F99167-6F05-411D-80C5-9F9CF9C3BF39}.Debug|x64.Build.0 = Debug|Any CPU
		{13F99167-6F05-411D-80C5-9F9CF9C3BF39}.Debug|x86.ActiveCfg = Debug|Any CPU
		{13F99167-6F05-411D-80C5-9F9CF9C3BF39}.Debug|x86.Build.0 = Debug|Any CPU
		{13F99167-6F05-411D-80C5-9F9CF9C3BF39}.Release|Any CPU.ActiveCfg = Release|Any CPU
		{13F99167-6F05-411D-80C5-9F9CF9C3BF39}.Release|Any CPU.Build.0 = Release|Any CPU
		{13F99167-6F05-411D-80C5-9F9CF9C3BF39}.Release|x64.ActiveCfg = Release|Any CPU
		{13F99167-6F05-411D-80C5-9F9CF9C3BF39}.Release|x64.Build.0 = Release|Any CPU
		{13F99167-6F05-411D-80C5-9F9CF9C3BF39}.Release|x86.ActiveCfg = Release|Any CPU
		{13F99167-6F05-411D-80C5-9F9CF9C3BF39}.Release|x86.Build.0 = Release|Any CPU
		{3626D20E-83B8-48FC-90B0-E93B5536604F}.Debug|Any CPU.ActiveCfg = Debug|Any CPU
		{3626D20E-83B8-48FC-90B0-E93B5536604F}.Debug|Any CPU.Build.0 = Debug|Any CPU
		{3626D20E-83B8-48FC-90B0-E93B5536604F}.Debug|x64.ActiveCfg = Debug|Any CPU
		{3626D20E-83B8-48FC-90B0-E93B5536604F}.Debug|x64.Build.0 = Debug|Any CPU
		{3626D20E-83B8-48FC-90B0-E93B5536604F}.Debug|x86.ActiveCfg = Debug|Any CPU
		{3626D20E-83B8-48FC-90B0-E93B5536604F}.Debug|x86.Build.0 = Debug|Any CPU
		{3626D20E-83B8-48FC-90B0-E93B5536604F}.Release|Any CPU.ActiveCfg = Release|Any CPU
		{3626D20E-83B8-48FC-90B0-E93B5536604F}.Release|Any CPU.Build.0 = Release|Any CPU
		{3626D20E-83B8-48FC-90B0-E93B5536604F}.Release|x64.ActiveCfg = Release|Any CPU
		{3626D20E-83B8-48FC-90B0-E93B5536604F}.Release|x64.Build.0 = Release|Any CPU
		{3626D20E-83B8-48FC-90B0-E93B5536604F}.Release|x86.ActiveCfg = Release|Any CPU
		{3626D20E-83B8-48FC-90B0-E93B5536604F}.Release|x86.Build.0 = Release|Any CPU
		{1E88CBF8-4948-41B7-BEFF-5D0B641DCE47}.Debug|Any CPU.ActiveCfg = Debug|x64
		{1E88CBF8-4948-41B7-BEFF-5D0B641DCE47}.Debug|Any CPU.Build.0 = Debug|x64
		{1E88CBF8-4948-41B7-BEFF-5D0B641DCE47}.Debug|x64.ActiveCfg = Debug|x64
		{1E88CBF8-4948-41B7-BEFF-5D0B641DCE47}.Debug|x64.Build.0 = Debug|x64
		{1E88CBF8-4948-41B7-BEFF-5D0B641DCE47}.Debug|x86.ActiveCfg = Debug|x64
		{1E88CBF8-4948-41B7-BEFF-5D0B641DCE47}.Debug|x86.Build.0 = Debug|x64
		{1E88CBF8-4948-41B7-BEFF-5D0B641DCE47}.Release|Any CPU.ActiveCfg = Release|x64
		{1E88CBF8-4948-41B7-BEFF-5D0B641DCE47}.Release|Any CPU.Build.0 = Release|x64
		{1E88CBF8-4948-41B7-BEFF-5D0B641DCE47}.Release|x64.ActiveCfg = Release|x64
		{1E88CBF8-4948-41B7-BEFF-5D0B641DCE47}.Release|x64.Build.0 = Release|x64
		{1E88CBF8-4948-41B7-BEFF-5D0B641DCE47}.Release|x86.ActiveCfg = Release|x64
		{1E88CBF8-4948-41B7-BEFF-5D0B641DCE47}.Release|x86.Build.0 = Release|x64
		{5EB566E2-6BE8-4DA8-ACAA-032AD6F3E6F2}.Debug|Any CPU.ActiveCfg = Debug|x64
		{5EB566E2-6BE8-4DA8-ACAA-032AD6F3E6F2}.Debug|Any CPU.Build.0 = Debug|x64
		{5EB566E2-6BE8-4DA8-ACAA-032AD6F3E6F2}.Debug|x64.ActiveCfg = Debug|x64
		{5EB566E2-6BE8-4DA8-ACAA-032AD6F3E6F2}.Debug|x64.Build.0 = Debug|x64
		{5EB566E2-6BE8-4DA8-ACAA-032AD6F3E6F2}.Debug|x86.ActiveCfg = Debug|x64
		{5EB566E2-6BE8-4DA8-ACAA-032AD6F3E6F2}.Debug|x86.Build.0 = Debug|x64
		{5EB566E2-6BE8-4DA8-ACAA-032AD6F3E6F2}.Release|Any CPU.ActiveCfg = Release|x64
		{5EB566E2-6BE8-4DA8-ACAA-032AD6F3E6F2}.Release|Any CPU.Build.0 = Release|x64
		{5EB566E2-6BE8-4DA8-ACAA-032AD6F3E6F2}.Release|x64.ActiveCfg = Release|x64
		{5EB566E2-6BE8-4DA8-ACAA-032AD6F3E6F2}.Release|x64.Build.0 = Release|x64
		{5EB566E2-6BE8-4DA8-ACAA-032AD6F3E6F2}.Release|x86.ActiveCfg = Release|x64
		{5EB566E2-6BE8-4DA8-ACAA-032AD6F3E6F2}.Release|x86.Build.0 = Release|x64
		{F1C424E3-F401-4377-9FA5-91116CA7C087}.Debug|Any CPU.ActiveCfg = Debug|x64
		{F1C424E3-F401-4377-9FA5-91116CA7C087}.Debug|Any CPU.Build.0 = Debug|x64
		{F1C424E3-F401-4377-9FA5-91116CA7C087}.Debug|Any CPU.Deploy.0 = Debug|x64
		{F1C424E3-F401-4377-9FA5-91116CA7C087}.Debug|x64.ActiveCfg = Debug|x64
		{F1C424E3-F401-4377-9FA5-91116CA7C087}.Debug|x64.Build.0 = Debug|x64
		{F1C424E3-F401-4377-9FA5-91116CA7C087}.Debug|x64.Deploy.0 = Debug|x64
		{F1C424E3-F401-4377-9FA5-91116CA7C087}.Debug|x86.ActiveCfg = Debug|x64
		{F1C424E3-F401-4377-9FA5-91116CA7C087}.Release|Any CPU.ActiveCfg = Release|x64
		{F1C424E3-F401-4377-9FA5-91116CA7C087}.Release|Any CPU.Build.0 = Release|x64
		{F1C424E3-F401-4377-9FA5-91116CA7C087}.Release|Any CPU.Deploy.0 = Release|x64
		{F1C424E3-F401-4377-9FA5-91116CA7C087}.Release|x64.ActiveCfg = Release|x64
		{F1C424E3-F401-4377-9FA5-91116CA7C087}.Release|x64.Build.0 = Release|x64
		{F1C424E3-F401-4377-9FA5-91116CA7C087}.Release|x64.Deploy.0 = Release|x64
		{F1C424E3-F401-4377-9FA5-91116CA7C087}.Release|x86.ActiveCfg = Release|x64
		{4E59E98F-4929-4AFB-A246-202A03C34B86}.Debug|Any CPU.ActiveCfg = Debug|x86
		{4E59E98F-4929-4AFB-A246-202A03C34B86}.Debug|Any CPU.Build.0 = Debug|x86
		{4E59E98F-4929-4AFB-A246-202A03C34B86}.Debug|Any CPU.Deploy.0 = Debug|x86
		{4E59E98F-4929-4AFB-A246-202A03C34B86}.Debug|x64.ActiveCfg = Debug|x86
		{4E59E98F-4929-4AFB-A246-202A03C34B86}.Debug|x86.ActiveCfg = Debug|x86
		{4E59E98F-4929-4AFB-A246-202A03C34B86}.Debug|x86.Build.0 = Debug|x86
		{4E59E98F-4929-4AFB-A246-202A03C34B86}.Debug|x86.Deploy.0 = Debug|x86
		{4E59E98F-4929-4AFB-A246-202A03C34B86}.Release|Any CPU.ActiveCfg = Release|x86
		{4E59E98F-4929-4AFB-A246-202A03C34B86}.Release|Any CPU.Build.0 = Release|x86
		{4E59E98F-4929-4AFB-A246-202A03C34B86}.Release|x64.ActiveCfg = Release|x86
		{4E59E98F-4929-4AFB-A246-202A03C34B86}.Release|x86.ActiveCfg = Release|x86
		{4E59E98F-4929-4AFB-A246-202A03C34B86}.Release|x86.Build.0 = Release|x86
		{4E59E98F-4929-4AFB-A246-202A03C34B86}.Release|x86.Deploy.0 = Release|x86
		{BBF2EA63-A35C-4653-9210-87CBB5401691}.Debug|Any CPU.ActiveCfg = Debug|Win32
		{BBF2EA63-A35C-4653-9210-87CBB5401691}.Debug|Any CPU.Build.0 = Debug|Win32
		{BBF2EA63-A35C-4653-9210-87CBB5401691}.Debug|x64.ActiveCfg = Debug|Win32
		{BBF2EA63-A35C-4653-9210-87CBB5401691}.Debug|x86.ActiveCfg = Debug|Win32
		{BBF2EA63-A35C-4653-9210-87CBB5401691}.Debug|x86.Build.0 = Debug|Win32
		{BBF2EA63-A35C-4653-9210-87CBB5401691}.Release|Any CPU.ActiveCfg = Release|Win32
		{BBF2EA63-A35C-4653-9210-87CBB5401691}.Release|Any CPU.Build.0 = Release|Win32
		{BBF2EA63-A35C-4653-9210-87CBB5401691}.Release|x64.ActiveCfg = Release|Win32
		{BBF2EA63-A35C-4653-9210-87CBB5401691}.Release|x86.ActiveCfg = Release|Win32
		{BBF2EA63-A35C-4653-9210-87CBB5401691}.Release|x86.Build.0 = Release|Win32
		{9D451DF0-6961-4D2A-8CC0-B3B1F37C9B87}.Debug|Any CPU.ActiveCfg = Debug|x64
		{9D451DF0-6961-4D2A-8CC0-B3B1F37C9B87}.Debug|Any CPU.Build.0 = Debug|x64
		{9D451DF0-6961-4D2A-8CC0-B3B1F37C9B87}.Debug|x64.ActiveCfg = Debug|x64
		{9D451DF0-6961-4D2A-8CC0-B3B1F37C9B87}.Debug|x64.Build.0 = Debug|x64
		{9D451DF0-6961-4D2A-8CC0-B3B1F37C9B87}.Debug|x86.ActiveCfg = Debug|Win32
		{9D451DF0-6961-4D2A-8CC0-B3B1F37C9B87}.Debug|x86.Build.0 = Debug|Win32
		{9D451DF0-6961-4D2A-8CC0-B3B1F37C9B87}.Release|Any CPU.ActiveCfg = Release|x64
		{9D451DF0-6961-4D2A-8CC0-B3B1F37C9B87}.Release|Any CPU.Build.0 = Release|x64
		{9D451DF0-6961-4D2A-8CC0-B3B1F37C9B87}.Release|x64.ActiveCfg = Release|x64
		{9D451DF0-6961-4D2A-8CC0-B3B1F37C9B87}.Release|x64.Build.0 = Release|x64
		{9D451DF0-6961-4D2A-8CC0-B3B1F37C9B87}.Release|x86.ActiveCfg = Release|Win32
		{9D451DF0-6961-4D2A-8CC0-B3B1F37C9B87}.Release|x86.Build.0 = Release|Win32
		{2087AC5B-5E16-4535-87A5-B35D7DA2C9B1}.Debug|Any CPU.ActiveCfg = Debug|Any CPU
		{2087AC5B-5E16-4535-87A5-B35D7DA2C9B1}.Debug|Any CPU.Build.0 = Debug|Any CPU
		{2087AC5B-5E16-4535-87A5-B35D7DA2C9B1}.Debug|x64.ActiveCfg = Debug|Any CPU
		{2087AC5B-5E16-4535-87A5-B35D7DA2C9B1}.Debug|x64.Build.0 = Debug|Any CPU
		{2087AC5B-5E16-4535-87A5-B35D7DA2C9B1}.Debug|x86.ActiveCfg = Debug|Any CPU
		{2087AC5B-5E16-4535-87A5-B35D7DA2C9B1}.Debug|x86.Build.0 = Debug|Any CPU
		{2087AC5B-5E16-4535-87A5-B35D7DA2C9B1}.Release|Any CPU.ActiveCfg = Release|Any CPU
		{2087AC5B-5E16-4535-87A5-B35D7DA2C9B1}.Release|Any CPU.Build.0 = Release|Any CPU
		{2087AC5B-5E16-4535-87A5-B35D7DA2C9B1}.Release|x64.ActiveCfg = Release|Any CPU
		{2087AC5B-5E16-4535-87A5-B35D7DA2C9B1}.Release|x64.Build.0 = Release|Any CPU
		{2087AC5B-5E16-4535-87A5-B35D7DA2C9B1}.Release|x86.ActiveCfg = Release|Any CPU
		{2087AC5B-5E16-4535-87A5-B35D7DA2C9B1}.Release|x86.Build.0 = Release|Any CPU
	EndGlobalSection
	GlobalSection(SolutionProperties) = preSolution
		HideSolutionNode = FALSE
	EndGlobalSection
	GlobalSection(ExtensibilityGlobals) = postSolution
		SolutionGuid = {B1BB0DA8-5C42-4368-B077-F4D69C6BFE71}
	EndGlobalSection
EndGlobal
