
Microsoft Visual Studio Solution File, Format Version 12.00
# Visual Studio Version 17
VisualStudioVersion = 17.0.32014.148
MinimumVisualStudioVersion = 10.0.40219.1
Project("{9A19103F-16F7-4668-BE54-9A1E7A4F7556}") = "SevenZip.Compression", "SevenZip.Compression\SevenZip.Compression.csproj", "{78313BD5-59F4-4F4F-8467-B4047B02C982}"
EndProject
Project("{9A19103F-16F7-4668-BE54-9A1E7A4F7556}") = "Experiment", "Experiment\Experiment.csproj", "{BDE13F71-D7F9-4DE9-BC6F-16D767901FB0}"
EndProject
Project("{9A19103F-16F7-4668-BE54-9A1E7A4F7556}") = "NativeInterfaceIdGenerator", "NativeInterfaceIdGenerator\NativeInterfaceIdGenerator.csproj", "{13F99167-6F05-411D-80C5-9F9CF9C3BF39}"
EndProject
Project("{9A19103F-16F7-4668-BE54-9A1E7A4F7556}") = "SevenZip.NativeInterface", "SevenZip.NativeInterface\SevenZip.NativeInterface.csproj", "{DDAC592C-AEB0-43EE-8100-49DBDF2CC739}"
EndProject
Project("{9A19103F-16F7-4668-BE54-9A1E7A4F7556}") = "SevenZip.NativeWrapper.Managed", "SevenZip.NativeWrapper.Managed\SevenZip.NativeWrapper.Managed.csproj", "{D2ADDFDB-185C-45A3-8C5A-07D50B11C35E}"
EndProject
Project("{8BC9CEB8-8B4A-11D0-8D11-00A0C91BC942}") = "Experiment.Cpp", "Experiment.Cpp\Experiment.Cpp.vcxproj", "{9D451DF0-6961-4D2A-8CC0-B3B1F37C9B87}"
EndProject
Project("{8BC9CEB8-8B4A-11D0-8D11-00A0C91BC942}") = "SevenZip.NativeWrapper.Unmanaged", "SevenZip.NativeWrapper.Unmanaged\SevenZip.NativeWrapper.Unmanaged.vcxproj", "{1E88CBF8-4948-41B7-BEFF-5D0B641DCE47}"
EndProject
Project("{9A19103F-16F7-4668-BE54-9A1E7A4F7556}") = "SevenZip.NativeWrapper.Managed.win.arm64", "SevenZip.NativeWrapper.Managed.win.arm64\SevenZip.NativeWrapper.Managed.win.arm64.csproj", "{C9CF6A04-8F8D-4EB2-84E6-BF2C586C673B}"
EndProject
Project("{9A19103F-16F7-4668-BE54-9A1E7A4F7556}") = "SevenZip.NativeWrapper.Managed.win.x86", "SevenZip.NativeWrapper.Managed.win.x86\SevenZip.NativeWrapper.Managed.win.x86.csproj", "{F6D91504-EE67-4D8E-A89F-B0F2A1A999C3}"
EndProject
Project("{9A19103F-16F7-4668-BE54-9A1E7A4F7556}") = "SevenZip.NativeWrapper.Managed.win.x64", "SevenZip.NativeWrapper.Managed.win.x64\SevenZip.NativeWrapper.Managed.win.x64.csproj", "{B3970E75-765A-4574-B392-70592BCF1789}"
EndProject
Project("{9A19103F-16F7-4668-BE54-9A1E7A4F7556}") = "SevenZip.NativeWrapper.Managed.linux.arm64", "SevenZip.NativeWrapper.Managed.linux.arm64\SevenZip.NativeWrapper.Managed.linux.arm64.csproj", "{5A6B4C19-0A94-460A-8791-C6F91658BAC8}"
EndProject
Project("{9A19103F-16F7-4668-BE54-9A1E7A4F7556}") = "SevenZip.NativeWrapper.Managed.linux.x86", "SevenZip.NativeWrapper.Managed.linux.x86\SevenZip.NativeWrapper.Managed.linux.x86.csproj", "{D59770B6-FA01-4526-A055-D5E2E3EC197C}"
EndProject
Project("{9A19103F-16F7-4668-BE54-9A1E7A4F7556}") = "SevenZip.NativeWrapper.Managed.linux.x64", "SevenZip.NativeWrapper.Managed.linux.x64\SevenZip.NativeWrapper.Managed.linux.x64.csproj", "{7C453E97-1374-4182-B939-A6FF39A34B88}"
EndProject
Project("{9A19103F-16F7-4668-BE54-9A1E7A4F7556}") = "SevenZip.NativeWrapper.Managed.macOs.x86", "SevenZip.NativeWrapper.Managed.macOs.x86\SevenZip.NativeWrapper.Managed.macOs.x86.csproj", "{9C158422-E2B6-4042-85EF-ABFCB7017E27}"
EndProject
Project("{9A19103F-16F7-4668-BE54-9A1E7A4F7556}") = "SevenZip.NativeWrapper.Managed.macOs.x64", "SevenZip.NativeWrapper.Managed.macOs.x64\SevenZip.NativeWrapper.Managed.macOs.x64.csproj", "{10C5C957-C508-42C3-A699-376A6816061F}"
EndProject
Project("{9A19103F-16F7-4668-BE54-9A1E7A4F7556}") = "SevenZip.NativeWrapper.Managed.macOs.arm64", "SevenZip.NativeWrapper.Managed.macOs.arm64\SevenZip.NativeWrapper.Managed.macOs.arm64.csproj", "{27F043ED-4E39-4597-9AFF-A1A23F3F67EF}"
EndProject
Project("{8BC9CEB8-8B4A-11D0-8D11-00A0C91BC942}") = "SevenZip.NativeWrapper.Unmanaged.win.arm64", "SevenZip.NativeWrapper.Unmanaged.win.arm64\SevenZip.NativeWrapper.Unmanaged.win.arm64.vcxproj", "{8F540FD3-3986-4C4B-BE5A-26E15B907080}"
EndProject
Project("{8BC9CEB8-8B4A-11D0-8D11-00A0C91BC942}") = "SevenZip.NativeWrapper.Unmanaged.win.x64", "SevenZip.NativeWrapper.Unmanaged.win.x64\SevenZip.NativeWrapper.Unmanaged.win.x64.vcxproj", "{5EB566E2-6BE8-4DA8-ACAA-032AD6F3E6F2}"
EndProject
Project("{8BC9CEB8-8B4A-11D0-8D11-00A0C91BC942}") = "SevenZip.NativeWrapper.Unmanaged.win.x86", "SevenZip.NativeWrapper.Unmanaged.win.x86\SevenZip.NativeWrapper.Unmanaged.win.x86.vcxproj", "{37C7D2BC-20B7-4A22-B7C8-7262F278C458}"
EndProject
Global
	GlobalSection(SolutionConfigurationPlatforms) = preSolution
		Debug|Any CPU = Debug|Any CPU
		Debug|ARM64 = Debug|ARM64
		Debug|x64 = Debug|x64
		Debug|x86 = Debug|x86
		Release|Any CPU = Release|Any CPU
		Release|ARM64 = Release|ARM64
		Release|x64 = Release|x64
		Release|x86 = Release|x86
	EndGlobalSection
	GlobalSection(ProjectConfigurationPlatforms) = postSolution
		{78313BD5-59F4-4F4F-8467-B4047B02C982}.Debug|Any CPU.ActiveCfg = Debug|Any CPU
		{78313BD5-59F4-4F4F-8467-B4047B02C982}.Debug|Any CPU.Build.0 = Debug|Any CPU
		{78313BD5-59F4-4F4F-8467-B4047B02C982}.Debug|ARM64.ActiveCfg = Debug|Any CPU
		{78313BD5-59F4-4F4F-8467-B4047B02C982}.Debug|ARM64.Build.0 = Debug|Any CPU
		{78313BD5-59F4-4F4F-8467-B4047B02C982}.Debug|x64.ActiveCfg = Debug|Any CPU
		{78313BD5-59F4-4F4F-8467-B4047B02C982}.Debug|x64.Build.0 = Debug|Any CPU
		{78313BD5-59F4-4F4F-8467-B4047B02C982}.Debug|x86.ActiveCfg = Debug|Any CPU
		{78313BD5-59F4-4F4F-8467-B4047B02C982}.Debug|x86.Build.0 = Debug|Any CPU
		{78313BD5-59F4-4F4F-8467-B4047B02C982}.Release|Any CPU.ActiveCfg = Release|Any CPU
		{78313BD5-59F4-4F4F-8467-B4047B02C982}.Release|Any CPU.Build.0 = Release|Any CPU
		{78313BD5-59F4-4F4F-8467-B4047B02C982}.Release|ARM64.ActiveCfg = Release|Any CPU
		{78313BD5-59F4-4F4F-8467-B4047B02C982}.Release|ARM64.Build.0 = Release|Any CPU
		{78313BD5-59F4-4F4F-8467-B4047B02C982}.Release|x64.ActiveCfg = Release|Any CPU
		{78313BD5-59F4-4F4F-8467-B4047B02C982}.Release|x64.Build.0 = Release|Any CPU
		{78313BD5-59F4-4F4F-8467-B4047B02C982}.Release|x86.ActiveCfg = Release|Any CPU
		{78313BD5-59F4-4F4F-8467-B4047B02C982}.Release|x86.Build.0 = Release|Any CPU
		{BDE13F71-D7F9-4DE9-BC6F-16D767901FB0}.Debug|Any CPU.ActiveCfg = Debug|Any CPU
		{BDE13F71-D7F9-4DE9-BC6F-16D767901FB0}.Debug|Any CPU.Build.0 = Debug|Any CPU
		{BDE13F71-D7F9-4DE9-BC6F-16D767901FB0}.Debug|ARM64.ActiveCfg = Debug|Any CPU
		{BDE13F71-D7F9-4DE9-BC6F-16D767901FB0}.Debug|ARM64.Build.0 = Debug|Any CPU
		{BDE13F71-D7F9-4DE9-BC6F-16D767901FB0}.Debug|x64.ActiveCfg = Debug|Any CPU
		{BDE13F71-D7F9-4DE9-BC6F-16D767901FB0}.Debug|x64.Build.0 = Debug|Any CPU
		{BDE13F71-D7F9-4DE9-BC6F-16D767901FB0}.Debug|x86.ActiveCfg = Debug|Any CPU
		{BDE13F71-D7F9-4DE9-BC6F-16D767901FB0}.Debug|x86.Build.0 = Debug|Any CPU
		{BDE13F71-D7F9-4DE9-BC6F-16D767901FB0}.Release|Any CPU.ActiveCfg = Release|Any CPU
		{BDE13F71-D7F9-4DE9-BC6F-16D767901FB0}.Release|Any CPU.Build.0 = Release|Any CPU
		{BDE13F71-D7F9-4DE9-BC6F-16D767901FB0}.Release|ARM64.ActiveCfg = Release|Any CPU
		{BDE13F71-D7F9-4DE9-BC6F-16D767901FB0}.Release|ARM64.Build.0 = Release|Any CPU
		{BDE13F71-D7F9-4DE9-BC6F-16D767901FB0}.Release|x64.ActiveCfg = Release|Any CPU
		{BDE13F71-D7F9-4DE9-BC6F-16D767901FB0}.Release|x64.Build.0 = Release|Any CPU
		{BDE13F71-D7F9-4DE9-BC6F-16D767901FB0}.Release|x86.ActiveCfg = Release|Any CPU
		{BDE13F71-D7F9-4DE9-BC6F-16D767901FB0}.Release|x86.Build.0 = Release|Any CPU
		{13F99167-6F05-411D-80C5-9F9CF9C3BF39}.Debug|Any CPU.ActiveCfg = Debug|Any CPU
		{13F99167-6F05-411D-80C5-9F9CF9C3BF39}.Debug|Any CPU.Build.0 = Debug|Any CPU
		{13F99167-6F05-411D-80C5-9F9CF9C3BF39}.Debug|ARM64.ActiveCfg = Debug|Any CPU
		{13F99167-6F05-411D-80C5-9F9CF9C3BF39}.Debug|ARM64.Build.0 = Debug|Any CPU
		{13F99167-6F05-411D-80C5-9F9CF9C3BF39}.Debug|x64.ActiveCfg = Debug|Any CPU
		{13F99167-6F05-411D-80C5-9F9CF9C3BF39}.Debug|x64.Build.0 = Debug|Any CPU
		{13F99167-6F05-411D-80C5-9F9CF9C3BF39}.Debug|x86.ActiveCfg = Debug|Any CPU
		{13F99167-6F05-411D-80C5-9F9CF9C3BF39}.Debug|x86.Build.0 = Debug|Any CPU
		{13F99167-6F05-411D-80C5-9F9CF9C3BF39}.Release|Any CPU.ActiveCfg = Release|Any CPU
		{13F99167-6F05-411D-80C5-9F9CF9C3BF39}.Release|Any CPU.Build.0 = Release|Any CPU
		{13F99167-6F05-411D-80C5-9F9CF9C3BF39}.Release|ARM64.ActiveCfg = Release|Any CPU
		{13F99167-6F05-411D-80C5-9F9CF9C3BF39}.Release|ARM64.Build.0 = Release|Any CPU
		{13F99167-6F05-411D-80C5-9F9CF9C3BF39}.Release|x64.ActiveCfg = Release|Any CPU
		{13F99167-6F05-411D-80C5-9F9CF9C3BF39}.Release|x64.Build.0 = Release|Any CPU
		{13F99167-6F05-411D-80C5-9F9CF9C3BF39}.Release|x86.ActiveCfg = Release|Any CPU
		{13F99167-6F05-411D-80C5-9F9CF9C3BF39}.Release|x86.Build.0 = Release|Any CPU
		{DDAC592C-AEB0-43EE-8100-49DBDF2CC739}.Debug|Any CPU.ActiveCfg = Debug|Any CPU
		{DDAC592C-AEB0-43EE-8100-49DBDF2CC739}.Debug|Any CPU.Build.0 = Debug|Any CPU
		{DDAC592C-AEB0-43EE-8100-49DBDF2CC739}.Debug|ARM64.ActiveCfg = Debug|Any CPU
		{DDAC592C-AEB0-43EE-8100-49DBDF2CC739}.Debug|ARM64.Build.0 = Debug|Any CPU
		{DDAC592C-AEB0-43EE-8100-49DBDF2CC739}.Debug|x64.ActiveCfg = Debug|Any CPU
		{DDAC592C-AEB0-43EE-8100-49DBDF2CC739}.Debug|x64.Build.0 = Debug|Any CPU
		{DDAC592C-AEB0-43EE-8100-49DBDF2CC739}.Debug|x86.ActiveCfg = Debug|Any CPU
		{DDAC592C-AEB0-43EE-8100-49DBDF2CC739}.Debug|x86.Build.0 = Debug|Any CPU
		{DDAC592C-AEB0-43EE-8100-49DBDF2CC739}.Release|Any CPU.ActiveCfg = Release|Any CPU
		{DDAC592C-AEB0-43EE-8100-49DBDF2CC739}.Release|Any CPU.Build.0 = Release|Any CPU
		{DDAC592C-AEB0-43EE-8100-49DBDF2CC739}.Release|ARM64.ActiveCfg = Release|Any CPU
		{DDAC592C-AEB0-43EE-8100-49DBDF2CC739}.Release|ARM64.Build.0 = Release|Any CPU
		{DDAC592C-AEB0-43EE-8100-49DBDF2CC739}.Release|x64.ActiveCfg = Release|Any CPU
		{DDAC592C-AEB0-43EE-8100-49DBDF2CC739}.Release|x64.Build.0 = Release|Any CPU
		{DDAC592C-AEB0-43EE-8100-49DBDF2CC739}.Release|x86.ActiveCfg = Release|Any CPU
		{DDAC592C-AEB0-43EE-8100-49DBDF2CC739}.Release|x86.Build.0 = Release|Any CPU
		{D2ADDFDB-185C-45A3-8C5A-07D50B11C35E}.Debug|Any CPU.ActiveCfg = Debug|Any CPU
		{D2ADDFDB-185C-45A3-8C5A-07D50B11C35E}.Debug|Any CPU.Build.0 = Debug|Any CPU
		{D2ADDFDB-185C-45A3-8C5A-07D50B11C35E}.Debug|ARM64.ActiveCfg = Debug|Any CPU
		{D2ADDFDB-185C-45A3-8C5A-07D50B11C35E}.Debug|ARM64.Build.0 = Debug|Any CPU
		{D2ADDFDB-185C-45A3-8C5A-07D50B11C35E}.Debug|x64.ActiveCfg = Debug|Any CPU
		{D2ADDFDB-185C-45A3-8C5A-07D50B11C35E}.Debug|x64.Build.0 = Debug|Any CPU
		{D2ADDFDB-185C-45A3-8C5A-07D50B11C35E}.Debug|x86.ActiveCfg = Debug|Any CPU
		{D2ADDFDB-185C-45A3-8C5A-07D50B11C35E}.Debug|x86.Build.0 = Debug|Any CPU
		{D2ADDFDB-185C-45A3-8C5A-07D50B11C35E}.Release|Any CPU.ActiveCfg = Release|Any CPU
		{D2ADDFDB-185C-45A3-8C5A-07D50B11C35E}.Release|Any CPU.Build.0 = Release|Any CPU
		{D2ADDFDB-185C-45A3-8C5A-07D50B11C35E}.Release|ARM64.ActiveCfg = Release|Any CPU
		{D2ADDFDB-185C-45A3-8C5A-07D50B11C35E}.Release|ARM64.Build.0 = Release|Any CPU
		{D2ADDFDB-185C-45A3-8C5A-07D50B11C35E}.Release|x64.ActiveCfg = Release|Any CPU
		{D2ADDFDB-185C-45A3-8C5A-07D50B11C35E}.Release|x64.Build.0 = Release|Any CPU
		{D2ADDFDB-185C-45A3-8C5A-07D50B11C35E}.Release|x86.ActiveCfg = Release|Any CPU
		{D2ADDFDB-185C-45A3-8C5A-07D50B11C35E}.Release|x86.Build.0 = Release|Any CPU
		{9D451DF0-6961-4D2A-8CC0-B3B1F37C9B87}.Debug|Any CPU.ActiveCfg = Debug|x64
		{9D451DF0-6961-4D2A-8CC0-B3B1F37C9B87}.Debug|Any CPU.Build.0 = Debug|x64
		{9D451DF0-6961-4D2A-8CC0-B3B1F37C9B87}.Debug|ARM64.ActiveCfg = Debug|ARM64
		{9D451DF0-6961-4D2A-8CC0-B3B1F37C9B87}.Debug|ARM64.Build.0 = Debug|ARM64
		{9D451DF0-6961-4D2A-8CC0-B3B1F37C9B87}.Debug|x64.ActiveCfg = Debug|x64
		{9D451DF0-6961-4D2A-8CC0-B3B1F37C9B87}.Debug|x64.Build.0 = Debug|x64
		{9D451DF0-6961-4D2A-8CC0-B3B1F37C9B87}.Debug|x86.ActiveCfg = Debug|Win32
		{9D451DF0-6961-4D2A-8CC0-B3B1F37C9B87}.Debug|x86.Build.0 = Debug|Win32
		{9D451DF0-6961-4D2A-8CC0-B3B1F37C9B87}.Release|Any CPU.ActiveCfg = Release|x64
		{9D451DF0-6961-4D2A-8CC0-B3B1F37C9B87}.Release|Any CPU.Build.0 = Release|x64
		{9D451DF0-6961-4D2A-8CC0-B3B1F37C9B87}.Release|ARM64.ActiveCfg = Release|x64
		{9D451DF0-6961-4D2A-8CC0-B3B1F37C9B87}.Release|ARM64.Build.0 = Release|x64
		{9D451DF0-6961-4D2A-8CC0-B3B1F37C9B87}.Release|x64.ActiveCfg = Release|x64
		{9D451DF0-6961-4D2A-8CC0-B3B1F37C9B87}.Release|x64.Build.0 = Release|x64
		{9D451DF0-6961-4D2A-8CC0-B3B1F37C9B87}.Release|x86.ActiveCfg = Release|Win32
		{9D451DF0-6961-4D2A-8CC0-B3B1F37C9B87}.Release|x86.Build.0 = Release|Win32
		{1E88CBF8-4948-41B7-BEFF-5D0B641DCE47}.Debug|Any CPU.ActiveCfg = Debug|x64
		{1E88CBF8-4948-41B7-BEFF-5D0B641DCE47}.Debug|Any CPU.Build.0 = Debug|x64
		{1E88CBF8-4948-41B7-BEFF-5D0B641DCE47}.Debug|ARM64.ActiveCfg = Debug|x64
		{1E88CBF8-4948-41B7-BEFF-5D0B641DCE47}.Debug|ARM64.Build.0 = Debug|x64
		{1E88CBF8-4948-41B7-BEFF-5D0B641DCE47}.Debug|x64.ActiveCfg = Debug|x64
		{1E88CBF8-4948-41B7-BEFF-5D0B641DCE47}.Debug|x64.Build.0 = Debug|x64
		{1E88CBF8-4948-41B7-BEFF-5D0B641DCE47}.Debug|x86.ActiveCfg = Debug|x64
		{1E88CBF8-4948-41B7-BEFF-5D0B641DCE47}.Debug|x86.Build.0 = Debug|x64
		{1E88CBF8-4948-41B7-BEFF-5D0B641DCE47}.Release|Any CPU.ActiveCfg = Release|x64
		{1E88CBF8-4948-41B7-BEFF-5D0B641DCE47}.Release|Any CPU.Build.0 = Release|x64
		{1E88CBF8-4948-41B7-BEFF-5D0B641DCE47}.Release|ARM64.ActiveCfg = Release|x64
		{1E88CBF8-4948-41B7-BEFF-5D0B641DCE47}.Release|ARM64.Build.0 = Release|x64
		{1E88CBF8-4948-41B7-BEFF-5D0B641DCE47}.Release|x64.ActiveCfg = Release|x64
		{1E88CBF8-4948-41B7-BEFF-5D0B641DCE47}.Release|x64.Build.0 = Release|x64
		{1E88CBF8-4948-41B7-BEFF-5D0B641DCE47}.Release|x86.ActiveCfg = Release|x64
		{1E88CBF8-4948-41B7-BEFF-5D0B641DCE47}.Release|x86.Build.0 = Release|x64
		{C9CF6A04-8F8D-4EB2-84E6-BF2C586C673B}.Debug|Any CPU.ActiveCfg = Debug|Any CPU
		{C9CF6A04-8F8D-4EB2-84E6-BF2C586C673B}.Debug|Any CPU.Build.0 = Debug|Any CPU
		{C9CF6A04-8F8D-4EB2-84E6-BF2C586C673B}.Debug|ARM64.ActiveCfg = Debug|Any CPU
		{C9CF6A04-8F8D-4EB2-84E6-BF2C586C673B}.Debug|ARM64.Build.0 = Debug|Any CPU
		{C9CF6A04-8F8D-4EB2-84E6-BF2C586C673B}.Debug|x64.ActiveCfg = Debug|Any CPU
		{C9CF6A04-8F8D-4EB2-84E6-BF2C586C673B}.Debug|x64.Build.0 = Debug|Any CPU
		{C9CF6A04-8F8D-4EB2-84E6-BF2C586C673B}.Debug|x86.ActiveCfg = Debug|Any CPU
		{C9CF6A04-8F8D-4EB2-84E6-BF2C586C673B}.Debug|x86.Build.0 = Debug|Any CPU
		{C9CF6A04-8F8D-4EB2-84E6-BF2C586C673B}.Release|Any CPU.ActiveCfg = Release|Any CPU
		{C9CF6A04-8F8D-4EB2-84E6-BF2C586C673B}.Release|Any CPU.Build.0 = Release|Any CPU
		{C9CF6A04-8F8D-4EB2-84E6-BF2C586C673B}.Release|ARM64.ActiveCfg = Release|Any CPU
		{C9CF6A04-8F8D-4EB2-84E6-BF2C586C673B}.Release|ARM64.Build.0 = Release|Any CPU
		{C9CF6A04-8F8D-4EB2-84E6-BF2C586C673B}.Release|x64.ActiveCfg = Release|Any CPU
		{C9CF6A04-8F8D-4EB2-84E6-BF2C586C673B}.Release|x64.Build.0 = Release|Any CPU
		{C9CF6A04-8F8D-4EB2-84E6-BF2C586C673B}.Release|x86.ActiveCfg = Release|Any CPU
		{C9CF6A04-8F8D-4EB2-84E6-BF2C586C673B}.Release|x86.Build.0 = Release|Any CPU
		{F6D91504-EE67-4D8E-A89F-B0F2A1A999C3}.Debug|Any CPU.ActiveCfg = Debug|Any CPU
		{F6D91504-EE67-4D8E-A89F-B0F2A1A999C3}.Debug|Any CPU.Build.0 = Debug|Any CPU
		{F6D91504-EE67-4D8E-A89F-B0F2A1A999C3}.Debug|ARM64.ActiveCfg = Debug|Any CPU
		{F6D91504-EE67-4D8E-A89F-B0F2A1A999C3}.Debug|ARM64.Build.0 = Debug|Any CPU
		{F6D91504-EE67-4D8E-A89F-B0F2A1A999C3}.Debug|x64.ActiveCfg = Debug|Any CPU
		{F6D91504-EE67-4D8E-A89F-B0F2A1A999C3}.Debug|x64.Build.0 = Debug|Any CPU
		{F6D91504-EE67-4D8E-A89F-B0F2A1A999C3}.Debug|x86.ActiveCfg = Debug|Any CPU
		{F6D91504-EE67-4D8E-A89F-B0F2A1A999C3}.Debug|x86.Build.0 = Debug|Any CPU
		{F6D91504-EE67-4D8E-A89F-B0F2A1A999C3}.Release|Any CPU.ActiveCfg = Release|Any CPU
		{F6D91504-EE67-4D8E-A89F-B0F2A1A999C3}.Release|Any CPU.Build.0 = Release|Any CPU
		{F6D91504-EE67-4D8E-A89F-B0F2A1A999C3}.Release|ARM64.ActiveCfg = Release|Any CPU
		{F6D91504-EE67-4D8E-A89F-B0F2A1A999C3}.Release|ARM64.Build.0 = Release|Any CPU
		{F6D91504-EE67-4D8E-A89F-B0F2A1A999C3}.Release|x64.ActiveCfg = Release|Any CPU
		{F6D91504-EE67-4D8E-A89F-B0F2A1A999C3}.Release|x64.Build.0 = Release|Any CPU
		{F6D91504-EE67-4D8E-A89F-B0F2A1A999C3}.Release|x86.ActiveCfg = Release|Any CPU
		{F6D91504-EE67-4D8E-A89F-B0F2A1A999C3}.Release|x86.Build.0 = Release|Any CPU
		{B3970E75-765A-4574-B392-70592BCF1789}.Debug|Any CPU.ActiveCfg = Debug|Any CPU
		{B3970E75-765A-4574-B392-70592BCF1789}.Debug|Any CPU.Build.0 = Debug|Any CPU
		{B3970E75-765A-4574-B392-70592BCF1789}.Debug|ARM64.ActiveCfg = Debug|Any CPU
		{B3970E75-765A-4574-B392-70592BCF1789}.Debug|ARM64.Build.0 = Debug|Any CPU
		{B3970E75-765A-4574-B392-70592BCF1789}.Debug|x64.ActiveCfg = Debug|Any CPU
		{B3970E75-765A-4574-B392-70592BCF1789}.Debug|x64.Build.0 = Debug|Any CPU
		{B3970E75-765A-4574-B392-70592BCF1789}.Debug|x86.ActiveCfg = Debug|Any CPU
		{B3970E75-765A-4574-B392-70592BCF1789}.Debug|x86.Build.0 = Debug|Any CPU
		{B3970E75-765A-4574-B392-70592BCF1789}.Release|Any CPU.ActiveCfg = Release|Any CPU
		{B3970E75-765A-4574-B392-70592BCF1789}.Release|Any CPU.Build.0 = Release|Any CPU
		{B3970E75-765A-4574-B392-70592BCF1789}.Release|ARM64.ActiveCfg = Release|Any CPU
		{B3970E75-765A-4574-B392-70592BCF1789}.Release|ARM64.Build.0 = Release|Any CPU
		{B3970E75-765A-4574-B392-70592BCF1789}.Release|x64.ActiveCfg = Release|Any CPU
		{B3970E75-765A-4574-B392-70592BCF1789}.Release|x64.Build.0 = Release|Any CPU
		{B3970E75-765A-4574-B392-70592BCF1789}.Release|x86.ActiveCfg = Release|Any CPU
		{B3970E75-765A-4574-B392-70592BCF1789}.Release|x86.Build.0 = Release|Any CPU
		{5A6B4C19-0A94-460A-8791-C6F91658BAC8}.Debug|Any CPU.ActiveCfg = Debug|Any CPU
		{5A6B4C19-0A94-460A-8791-C6F91658BAC8}.Debug|Any CPU.Build.0 = Debug|Any CPU
		{5A6B4C19-0A94-460A-8791-C6F91658BAC8}.Debug|ARM64.ActiveCfg = Debug|Any CPU
		{5A6B4C19-0A94-460A-8791-C6F91658BAC8}.Debug|ARM64.Build.0 = Debug|Any CPU
		{5A6B4C19-0A94-460A-8791-C6F91658BAC8}.Debug|x64.ActiveCfg = Debug|Any CPU
		{5A6B4C19-0A94-460A-8791-C6F91658BAC8}.Debug|x64.Build.0 = Debug|Any CPU
		{5A6B4C19-0A94-460A-8791-C6F91658BAC8}.Debug|x86.ActiveCfg = Debug|Any CPU
		{5A6B4C19-0A94-460A-8791-C6F91658BAC8}.Debug|x86.Build.0 = Debug|Any CPU
		{5A6B4C19-0A94-460A-8791-C6F91658BAC8}.Release|Any CPU.ActiveCfg = Release|Any CPU
		{5A6B4C19-0A94-460A-8791-C6F91658BAC8}.Release|Any CPU.Build.0 = Release|Any CPU
		{5A6B4C19-0A94-460A-8791-C6F91658BAC8}.Release|ARM64.ActiveCfg = Release|Any CPU
		{5A6B4C19-0A94-460A-8791-C6F91658BAC8}.Release|ARM64.Build.0 = Release|Any CPU
		{5A6B4C19-0A94-460A-8791-C6F91658BAC8}.Release|x64.ActiveCfg = Release|Any CPU
		{5A6B4C19-0A94-460A-8791-C6F91658BAC8}.Release|x64.Build.0 = Release|Any CPU
		{5A6B4C19-0A94-460A-8791-C6F91658BAC8}.Release|x86.ActiveCfg = Release|Any CPU
		{5A6B4C19-0A94-460A-8791-C6F91658BAC8}.Release|x86.Build.0 = Release|Any CPU
		{D59770B6-FA01-4526-A055-D5E2E3EC197C}.Debug|Any CPU.ActiveCfg = Debug|Any CPU
		{D59770B6-FA01-4526-A055-D5E2E3EC197C}.Debug|Any CPU.Build.0 = Debug|Any CPU
		{D59770B6-FA01-4526-A055-D5E2E3EC197C}.Debug|ARM64.ActiveCfg = Debug|Any CPU
		{D59770B6-FA01-4526-A055-D5E2E3EC197C}.Debug|ARM64.Build.0 = Debug|Any CPU
		{D59770B6-FA01-4526-A055-D5E2E3EC197C}.Debug|x64.ActiveCfg = Debug|Any CPU
		{D59770B6-FA01-4526-A055-D5E2E3EC197C}.Debug|x64.Build.0 = Debug|Any CPU
		{D59770B6-FA01-4526-A055-D5E2E3EC197C}.Debug|x86.ActiveCfg = Debug|Any CPU
		{D59770B6-FA01-4526-A055-D5E2E3EC197C}.Debug|x86.Build.0 = Debug|Any CPU
		{D59770B6-FA01-4526-A055-D5E2E3EC197C}.Release|Any CPU.ActiveCfg = Release|Any CPU
		{D59770B6-FA01-4526-A055-D5E2E3EC197C}.Release|Any CPU.Build.0 = Release|Any CPU
		{D59770B6-FA01-4526-A055-D5E2E3EC197C}.Release|ARM64.ActiveCfg = Release|Any CPU
		{D59770B6-FA01-4526-A055-D5E2E3EC197C}.Release|ARM64.Build.0 = Release|Any CPU
		{D59770B6-FA01-4526-A055-D5E2E3EC197C}.Release|x64.ActiveCfg = Release|Any CPU
		{D59770B6-FA01-4526-A055-D5E2E3EC197C}.Release|x64.Build.0 = Release|Any CPU
		{D59770B6-FA01-4526-A055-D5E2E3EC197C}.Release|x86.ActiveCfg = Release|Any CPU
		{D59770B6-FA01-4526-A055-D5E2E3EC197C}.Release|x86.Build.0 = Release|Any CPU
		{7C453E97-1374-4182-B939-A6FF39A34B88}.Debug|Any CPU.ActiveCfg = Debug|Any CPU
		{7C453E97-1374-4182-B939-A6FF39A34B88}.Debug|Any CPU.Build.0 = Debug|Any CPU
		{7C453E97-1374-4182-B939-A6FF39A34B88}.Debug|ARM64.ActiveCfg = Debug|Any CPU
		{7C453E97-1374-4182-B939-A6FF39A34B88}.Debug|ARM64.Build.0 = Debug|Any CPU
		{7C453E97-1374-4182-B939-A6FF39A34B88}.Debug|x64.ActiveCfg = Debug|Any CPU
		{7C453E97-1374-4182-B939-A6FF39A34B88}.Debug|x64.Build.0 = Debug|Any CPU
		{7C453E97-1374-4182-B939-A6FF39A34B88}.Debug|x86.ActiveCfg = Debug|Any CPU
		{7C453E97-1374-4182-B939-A6FF39A34B88}.Debug|x86.Build.0 = Debug|Any CPU
		{7C453E97-1374-4182-B939-A6FF39A34B88}.Release|Any CPU.ActiveCfg = Release|Any CPU
		{7C453E97-1374-4182-B939-A6FF39A34B88}.Release|Any CPU.Build.0 = Release|Any CPU
		{7C453E97-1374-4182-B939-A6FF39A34B88}.Release|ARM64.ActiveCfg = Release|Any CPU
		{7C453E97-1374-4182-B939-A6FF39A34B88}.Release|ARM64.Build.0 = Release|Any CPU
		{7C453E97-1374-4182-B939-A6FF39A34B88}.Release|x64.ActiveCfg = Release|Any CPU
		{7C453E97-1374-4182-B939-A6FF39A34B88}.Release|x64.Build.0 = Release|Any CPU
		{7C453E97-1374-4182-B939-A6FF39A34B88}.Release|x86.ActiveCfg = Release|Any CPU
		{7C453E97-1374-4182-B939-A6FF39A34B88}.Release|x86.Build.0 = Release|Any CPU
		{9C158422-E2B6-4042-85EF-ABFCB7017E27}.Debug|Any CPU.ActiveCfg = Debug|Any CPU
		{9C158422-E2B6-4042-85EF-ABFCB7017E27}.Debug|Any CPU.Build.0 = Debug|Any CPU
		{9C158422-E2B6-4042-85EF-ABFCB7017E27}.Debug|ARM64.ActiveCfg = Debug|Any CPU
		{9C158422-E2B6-4042-85EF-ABFCB7017E27}.Debug|ARM64.Build.0 = Debug|Any CPU
		{9C158422-E2B6-4042-85EF-ABFCB7017E27}.Debug|x64.ActiveCfg = Debug|Any CPU
		{9C158422-E2B6-4042-85EF-ABFCB7017E27}.Debug|x64.Build.0 = Debug|Any CPU
		{9C158422-E2B6-4042-85EF-ABFCB7017E27}.Debug|x86.ActiveCfg = Debug|Any CPU
		{9C158422-E2B6-4042-85EF-ABFCB7017E27}.Debug|x86.Build.0 = Debug|Any CPU
		{9C158422-E2B6-4042-85EF-ABFCB7017E27}.Release|Any CPU.ActiveCfg = Release|Any CPU
		{9C158422-E2B6-4042-85EF-ABFCB7017E27}.Release|Any CPU.Build.0 = Release|Any CPU
		{9C158422-E2B6-4042-85EF-ABFCB7017E27}.Release|ARM64.ActiveCfg = Release|Any CPU
		{9C158422-E2B6-4042-85EF-ABFCB7017E27}.Release|ARM64.Build.0 = Release|Any CPU
		{9C158422-E2B6-4042-85EF-ABFCB7017E27}.Release|x64.ActiveCfg = Release|Any CPU
		{9C158422-E2B6-4042-85EF-ABFCB7017E27}.Release|x64.Build.0 = Release|Any CPU
		{9C158422-E2B6-4042-85EF-ABFCB7017E27}.Release|x86.ActiveCfg = Release|Any CPU
		{9C158422-E2B6-4042-85EF-ABFCB7017E27}.Release|x86.Build.0 = Release|Any CPU
		{10C5C957-C508-42C3-A699-376A6816061F}.Debug|Any CPU.ActiveCfg = Debug|Any CPU
		{10C5C957-C508-42C3-A699-376A6816061F}.Debug|Any CPU.Build.0 = Debug|Any CPU
		{10C5C957-C508-42C3-A699-376A6816061F}.Debug|ARM64.ActiveCfg = Debug|Any CPU
		{10C5C957-C508-42C3-A699-376A6816061F}.Debug|ARM64.Build.0 = Debug|Any CPU
		{10C5C957-C508-42C3-A699-376A6816061F}.Debug|x64.ActiveCfg = Debug|Any CPU
		{10C5C957-C508-42C3-A699-376A6816061F}.Debug|x64.Build.0 = Debug|Any CPU
		{10C5C957-C508-42C3-A699-376A6816061F}.Debug|x86.ActiveCfg = Debug|Any CPU
		{10C5C957-C508-42C3-A699-376A6816061F}.Debug|x86.Build.0 = Debug|Any CPU
		{10C5C957-C508-42C3-A699-376A6816061F}.Release|Any CPU.ActiveCfg = Release|Any CPU
		{10C5C957-C508-42C3-A699-376A6816061F}.Release|Any CPU.Build.0 = Release|Any CPU
		{10C5C957-C508-42C3-A699-376A6816061F}.Release|ARM64.ActiveCfg = Release|Any CPU
		{10C5C957-C508-42C3-A699-376A6816061F}.Release|ARM64.Build.0 = Release|Any CPU
		{10C5C957-C508-42C3-A699-376A6816061F}.Release|x64.ActiveCfg = Release|Any CPU
		{10C5C957-C508-42C3-A699-376A6816061F}.Release|x64.Build.0 = Release|Any CPU
		{10C5C957-C508-42C3-A699-376A6816061F}.Release|x86.ActiveCfg = Release|Any CPU
		{10C5C957-C508-42C3-A699-376A6816061F}.Release|x86.Build.0 = Release|Any CPU
		{27F043ED-4E39-4597-9AFF-A1A23F3F67EF}.Debug|Any CPU.ActiveCfg = Debug|Any CPU
		{27F043ED-4E39-4597-9AFF-A1A23F3F67EF}.Debug|Any CPU.Build.0 = Debug|Any CPU
		{27F043ED-4E39-4597-9AFF-A1A23F3F67EF}.Debug|ARM64.ActiveCfg = Debug|Any CPU
		{27F043ED-4E39-4597-9AFF-A1A23F3F67EF}.Debug|ARM64.Build.0 = Debug|Any CPU
		{27F043ED-4E39-4597-9AFF-A1A23F3F67EF}.Debug|x64.ActiveCfg = Debug|Any CPU
		{27F043ED-4E39-4597-9AFF-A1A23F3F67EF}.Debug|x64.Build.0 = Debug|Any CPU
		{27F043ED-4E39-4597-9AFF-A1A23F3F67EF}.Debug|x86.ActiveCfg = Debug|Any CPU
		{27F043ED-4E39-4597-9AFF-A1A23F3F67EF}.Debug|x86.Build.0 = Debug|Any CPU
		{27F043ED-4E39-4597-9AFF-A1A23F3F67EF}.Release|Any CPU.ActiveCfg = Release|Any CPU
		{27F043ED-4E39-4597-9AFF-A1A23F3F67EF}.Release|Any CPU.Build.0 = Release|Any CPU
		{27F043ED-4E39-4597-9AFF-A1A23F3F67EF}.Release|ARM64.ActiveCfg = Release|Any CPU
		{27F043ED-4E39-4597-9AFF-A1A23F3F67EF}.Release|ARM64.Build.0 = Release|Any CPU
		{27F043ED-4E39-4597-9AFF-A1A23F3F67EF}.Release|x64.ActiveCfg = Release|Any CPU
		{27F043ED-4E39-4597-9AFF-A1A23F3F67EF}.Release|x64.Build.0 = Release|Any CPU
		{27F043ED-4E39-4597-9AFF-A1A23F3F67EF}.Release|x86.ActiveCfg = Release|Any CPU
		{27F043ED-4E39-4597-9AFF-A1A23F3F67EF}.Release|x86.Build.0 = Release|Any CPU
		{8F540FD3-3986-4C4B-BE5A-26E15B907080}.Debug|Any CPU.ActiveCfg = Debug|ARM64
		{8F540FD3-3986-4C4B-BE5A-26E15B907080}.Debug|Any CPU.Build.0 = Debug|ARM64
		{8F540FD3-3986-4C4B-BE5A-26E15B907080}.Debug|ARM64.ActiveCfg = Debug|ARM64
		{8F540FD3-3986-4C4B-BE5A-26E15B907080}.Debug|ARM64.Build.0 = Debug|ARM64
		{8F540FD3-3986-4C4B-BE5A-26E15B907080}.Debug|x64.ActiveCfg = Debug|ARM64
		{8F540FD3-3986-4C4B-BE5A-26E15B907080}.Debug|x64.Build.0 = Debug|ARM64
		{8F540FD3-3986-4C4B-BE5A-26E15B907080}.Debug|x86.ActiveCfg = Debug|ARM64
		{8F540FD3-3986-4C4B-BE5A-26E15B907080}.Debug|x86.Build.0 = Debug|ARM64
		{8F540FD3-3986-4C4B-BE5A-26E15B907080}.Release|Any CPU.ActiveCfg = Release|ARM64
		{8F540FD3-3986-4C4B-BE5A-26E15B907080}.Release|Any CPU.Build.0 = Release|ARM64
		{8F540FD3-3986-4C4B-BE5A-26E15B907080}.Release|ARM64.ActiveCfg = Release|ARM64
		{8F540FD3-3986-4C4B-BE5A-26E15B907080}.Release|ARM64.Build.0 = Release|ARM64
		{8F540FD3-3986-4C4B-BE5A-26E15B907080}.Release|x64.ActiveCfg = Release|ARM64
		{8F540FD3-3986-4C4B-BE5A-26E15B907080}.Release|x64.Build.0 = Release|ARM64
		{8F540FD3-3986-4C4B-BE5A-26E15B907080}.Release|x86.ActiveCfg = Release|ARM64
		{8F540FD3-3986-4C4B-BE5A-26E15B907080}.Release|x86.Build.0 = Release|ARM64
		{5EB566E2-6BE8-4DA8-ACAA-032AD6F3E6F2}.Debug|Any CPU.ActiveCfg = Debug|x64
		{5EB566E2-6BE8-4DA8-ACAA-032AD6F3E6F2}.Debug|Any CPU.Build.0 = Debug|x64
		{5EB566E2-6BE8-4DA8-ACAA-032AD6F3E6F2}.Debug|ARM64.ActiveCfg = Debug|x64
		{5EB566E2-6BE8-4DA8-ACAA-032AD6F3E6F2}.Debug|ARM64.Build.0 = Debug|x64
		{5EB566E2-6BE8-4DA8-ACAA-032AD6F3E6F2}.Debug|x64.ActiveCfg = Debug|x64
		{5EB566E2-6BE8-4DA8-ACAA-032AD6F3E6F2}.Debug|x64.Build.0 = Debug|x64
		{5EB566E2-6BE8-4DA8-ACAA-032AD6F3E6F2}.Debug|x86.ActiveCfg = Debug|x64
		{5EB566E2-6BE8-4DA8-ACAA-032AD6F3E6F2}.Debug|x86.Build.0 = Debug|x64
		{5EB566E2-6BE8-4DA8-ACAA-032AD6F3E6F2}.Release|Any CPU.ActiveCfg = Release|x64
		{5EB566E2-6BE8-4DA8-ACAA-032AD6F3E6F2}.Release|Any CPU.Build.0 = Release|x64
		{5EB566E2-6BE8-4DA8-ACAA-032AD6F3E6F2}.Release|ARM64.ActiveCfg = Release|x64
		{5EB566E2-6BE8-4DA8-ACAA-032AD6F3E6F2}.Release|ARM64.Build.0 = Release|x64
		{5EB566E2-6BE8-4DA8-ACAA-032AD6F3E6F2}.Release|x64.ActiveCfg = Release|x64
		{5EB566E2-6BE8-4DA8-ACAA-032AD6F3E6F2}.Release|x64.Build.0 = Release|x64
		{5EB566E2-6BE8-4DA8-ACAA-032AD6F3E6F2}.Release|x86.ActiveCfg = Release|x64
		{5EB566E2-6BE8-4DA8-ACAA-032AD6F3E6F2}.Release|x86.Build.0 = Release|x64
		{37C7D2BC-20B7-4A22-B7C8-7262F278C458}.Debug|Any CPU.ActiveCfg = Debug|Win32
		{37C7D2BC-20B7-4A22-B7C8-7262F278C458}.Debug|Any CPU.Build.0 = Debug|Win32
		{37C7D2BC-20B7-4A22-B7C8-7262F278C458}.Debug|ARM64.ActiveCfg = Debug|Win32
		{37C7D2BC-20B7-4A22-B7C8-7262F278C458}.Debug|ARM64.Build.0 = Debug|Win32
		{37C7D2BC-20B7-4A22-B7C8-7262F278C458}.Debug|x64.ActiveCfg = Debug|Win32
		{37C7D2BC-20B7-4A22-B7C8-7262F278C458}.Debug|x64.Build.0 = Debug|Win32
		{37C7D2BC-20B7-4A22-B7C8-7262F278C458}.Debug|x86.ActiveCfg = Debug|Win32
		{37C7D2BC-20B7-4A22-B7C8-7262F278C458}.Debug|x86.Build.0 = Debug|Win32
		{37C7D2BC-20B7-4A22-B7C8-7262F278C458}.Release|Any CPU.ActiveCfg = Release|Win32
		{37C7D2BC-20B7-4A22-B7C8-7262F278C458}.Release|Any CPU.Build.0 = Release|Win32
		{37C7D2BC-20B7-4A22-B7C8-7262F278C458}.Release|ARM64.ActiveCfg = Release|Win32
		{37C7D2BC-20B7-4A22-B7C8-7262F278C458}.Release|ARM64.Build.0 = Release|Win32
		{37C7D2BC-20B7-4A22-B7C8-7262F278C458}.Release|x64.ActiveCfg = Release|Win32
		{37C7D2BC-20B7-4A22-B7C8-7262F278C458}.Release|x64.Build.0 = Release|Win32
		{37C7D2BC-20B7-4A22-B7C8-7262F278C458}.Release|x86.ActiveCfg = Release|Win32
		{37C7D2BC-20B7-4A22-B7C8-7262F278C458}.Release|x86.Build.0 = Release|Win32
	EndGlobalSection
	GlobalSection(SolutionProperties) = preSolution
		HideSolutionNode = FALSE
	EndGlobalSection
	GlobalSection(ExtensibilityGlobals) = postSolution
		SolutionGuid = {B1BB0DA8-5C42-4368-B077-F4D69C6BFE71}
	EndGlobalSection
EndGlobal
